
Microsoft Visual Studio Solution File, Format Version 12.00
# Visual Studio Version 16
VisualStudioVersion = 16.0.30611.23
MinimumVisualStudioVersion = 10.0.40219.1
Project("{FAE04EC0-301F-11D3-BF4B-00C04F79EFBC}") = "TestOcbc", "TestOcbc.csproj", "{33D70D3D-A2B0-48AD-AC9B-0DAB8A8909FE}"
EndProject
Global
	GlobalSection(SolutionConfigurationPlatforms) = preSolution
		Debug|Any CPU = Debug|Any CPU
		Release|Any CPU = Release|Any CPU
	EndGlobalSection
	GlobalSection(ProjectConfigurationPlatforms) = postSolution
		{33D70D3D-A2B0-48AD-AC9B-0DAB8A8909FE}.Debug|Any CPU.ActiveCfg = Debug|Any CPU
		{33D70D3D-A2B0-48AD-AC9B-0DAB8A8909FE}.Debug|Any CPU.Build.0 = Debug|Any CPU
		{33D70D3D-A2B0-48AD-AC9B-0DAB8A8909FE}.Release|Any CPU.ActiveCfg = Release|Any CPU
		{33D70D3D-A2B0-48AD-AC9B-0DAB8A8909FE}.Release|Any CPU.Build.0 = Release|Any CPU
	EndGlobalSection
	GlobalSection(SolutionProperties) = preSolution
		HideSolutionNode = FALSE
	EndGlobalSection
	GlobalSection(ExtensibilityGlobals) = postSolution
		SolutionGuid = {6C82CD00-6C74-4292-BDB1-F2EB4D8BC8F6}
	EndGlobalSection
EndGlobal
